
Microsoft Visual Studio Solution File, Format Version 12.00
# Visual Studio Version 17
VisualStudioVersion = 17.5.33502.453
MinimumVisualStudioVersion = 10.0.40219.1
Project("{8BC9CEB8-8B4A-11D0-8D11-00A0C91BC942}") = "HashChat", "HashChat\HashChat.vcxproj", "{05DAC859-AD87-4E78-BDD9-313D91A9A045}"
EndProject
Global
	GlobalSection(SolutionConfigurationPlatforms) = preSolution
		Debug|x64 = Debug|x64
		Debug|x86 = Debug|x86
		Release|x64 = Release|x64
		Release|x86 = Release|x86
	EndGlobalSection
	GlobalSection(ProjectConfigurationPlatforms) = postSolution
		{05DAC859-AD87-4E78-BDD9-313D91A9A045}.Debug|x64.ActiveCfg = Debug|x64
		{05DAC859-AD87-4E78-BDD9-313D91A9A045}.Debug|x64.Build.0 = Debug|x64
		{05DAC859-AD87-4E78-BDD9-313D91A9A045}.Debug|x86.ActiveCfg = Debug|Win32
		{05DAC859-AD87-4E78-BDD9-313D91A9A045}.Debug|x86.Build.0 = Debug|Win32
		{05DAC859-AD87-4E78-BDD9-313D91A9A045}.Release|x64.ActiveCfg = Release|x64
		{05DAC859-AD87-4E78-BDD9-313D91A9A045}.Release|x64.Build.0 = Release|x64
		{05DAC859-AD87-4E78-BDD9-313D91A9A045}.Release|x86.ActiveCfg = Release|Win32
		{05DAC859-AD87-4E78-BDD9-313D91A9A045}.Release|x86.Build.0 = Release|Win32
	EndGlobalSection
	GlobalSection(SolutionProperties) = preSolution
		HideSolutionNode = FALSE
	EndGlobalSection
	GlobalSection(ExtensibilityGlobals) = postSolution
		SolutionGuid = {DFE1CF1F-249E-4367-9526-9BCAF788C6F3}
	EndGlobalSection
EndGlobal
